{
  "name": "@harshchalwadi/medium-app",
  "version": "1.3.0",
  "lockfileVersion": 3,
  "requires": true,
  "packages": {
    "": {
      "name": "@harshchalwadi/medium-app",
      "version": "1.3.0",
      "license": "ISC",
      "dependencies": {
        "@harshchalwadi/medium-app": "^1.3.0",
        "zod": "^3.25.67"
      }
    },
    "node_modules/@harshchalwadi/medium-app": {
      "version": "1.3.0",
      "resolved": "https://registry.npmjs.org/@harshchalwadi/medium-app/-/medium-app-1.3.0.tgz",
      "integrity": "sha512-ZIJnvXYCeGLD4KFJSIfSApqWnusprEgQXzdsOr4RWgO7dPecxsS0KM+6+A51clSOSmc0ah5JiUBGZIyS+MYn4w==",
      "license": "ISC",
      "dependencies": {
        "@harshchalwadi/medium-app": "^1.1.0",
        "zod": "^3.25.67"
      }
    },
    "node_modules/zod": {
      "version": "3.25.67",
      "resolved": "https://registry.npmjs.org/zod/-/zod-3.25.67.tgz",
      "integrity": "sha512-idA2YXwpCdqUSKRCACDE6ItZD9TZzy3OZMtpfLoh6oPR47lipysRrJfjzMqFxQ3uJuUPyUeWe1r9vLH33xO/Qw==",
      "license": "MIT",
      "funding": {
        "url": "https://github.com/sponsors/colinhacks"
      }
    }
  }
}
